
Microsoft Visual Studio Solution File, Format Version 12.00
# Visual Studio Version 16
VisualStudioVersion = 16.0.30503.244
MinimumVisualStudioVersion = 10.0.40219.1
Project("{FAE04EC0-301F-11D3-BF4B-00C04F79EFBC}") = "AbstractSushiBarView", "AbstractSushiBarView\AbstractSushiBarView.csproj", "{C353A0CB-683F-44C4-9938-A4CAEF7EA8E2}"
EndProject
Global
	GlobalSection(SolutionConfigurationPlatforms) = preSolution
		Debug|Any CPU = Debug|Any CPU
		Release|Any CPU = Release|Any CPU
	EndGlobalSection
	GlobalSection(ProjectConfigurationPlatforms) = postSolution
		{C353A0CB-683F-44C4-9938-A4CAEF7EA8E2}.Debug|Any CPU.ActiveCfg = Debug|Any CPU
		{C353A0CB-683F-44C4-9938-A4CAEF7EA8E2}.Debug|Any CPU.Build.0 = Debug|Any CPU
		{C353A0CB-683F-44C4-9938-A4CAEF7EA8E2}.Release|Any CPU.ActiveCfg = Release|Any CPU
		{C353A0CB-683F-44C4-9938-A4CAEF7EA8E2}.Release|Any CPU.Build.0 = Release|Any CPU
	EndGlobalSection
	GlobalSection(SolutionProperties) = preSolution
		HideSolutionNode = FALSE
	EndGlobalSection
	GlobalSection(ExtensibilityGlobals) = postSolution
		SolutionGuid = {D961BBFA-66E6-48BC-A6E1-BAC3D09D623B}
	EndGlobalSection
EndGlobal
